// !$*UTF8*$!
{
	archiveVersion = 1;
	classes = {
	};
	objectVersion = 77;
	objects = {

/* Begin PBXBuildFile section */
		007B2120C2735B42A20C510B /* Theme.swift in Sources */ = {isa = PBXBuildFile; fileRef = C2F4747AC5700DF138836D5F /* Theme.swift */; };
		15B37A3EDBAFD6BD0FC98BFC /* DemosTab.swift in Sources */ = {isa = PBXBuildFile; fileRef = 25213AE8A9FD9A5B1EEFD97F /* DemosTab.swift */; };
		5339DAC5909A688059ABBA80 /* ContentView.swift in Sources */ = {isa = PBXBuildFile; fileRef = D01BCE22E951887741F32904 /* ContentView.swift */; };
		54C16E199D10E281E1E316CF /* SettingsTab.swift in Sources */ = {isa = PBXBuildFile; fileRef = 64FD18EC8D1B9A665615C374 /* SettingsTab.swift */; };
		553F94B4D033BCA44B07AC4E /* PlaygroundApp.swift in Sources */ = {isa = PBXBuildFile; fileRef = C6EA6F80147865B6F32DD526 /* PlaygroundApp.swift */; };
		97CA6F2DE628A139094EF72D /* Colors.swift in Sources */ = {isa = PBXBuildFile; fileRef = 2B46870C2DDF4A2F73A5778B /* Colors.swift */; };
		C437D38FD2B064F815AE6F33 /* Assets.xcassets in Resources */ = {isa = PBXBuildFile; fileRef = CAC67DC1CDDC454A7BB7870A /* Assets.xcassets */; };
		EA349DF37933D70B410F7135 /* DiscoverTab.swift in Sources */ = {isa = PBXBuildFile; fileRef = FF86B8E1368C9B39424F13C0 /* DiscoverTab.swift */; };
		A1B2C3D4E5F60718A1B2C3D4 /* AutoMobileSDK in Frameworks */ = {isa = PBXBuildFile; productRef = A1B2C3D4E5F60718A1B2C3D5 /* AutoMobileSDK */; };
/* End PBXBuildFile section */

/* Begin PBXFileReference section */
		0C5B41C44C18F0045A6B61C2 /* Release.xcconfig */ = {isa = PBXFileReference; lastKnownFileType = text.xcconfig; path = Release.xcconfig; sourceTree = "<group>"; };
		25213AE8A9FD9A5B1EEFD97F /* DemosTab.swift */ = {isa = PBXFileReference; lastKnownFileType = sourcecode.swift; path = DemosTab.swift; sourceTree = "<group>"; };
		2B46870C2DDF4A2F73A5778B /* Colors.swift */ = {isa = PBXFileReference; lastKnownFileType = sourcecode.swift; path = Colors.swift; sourceTree = "<group>"; };
		64FD18EC8D1B9A665615C374 /* SettingsTab.swift */ = {isa = PBXFileReference; lastKnownFileType = sourcecode.swift; path = SettingsTab.swift; sourceTree = "<group>"; };
		BDA9169E926B14087F3B1BA2 /* Info.plist */ = {isa = PBXFileReference; lastKnownFileType = text.plist; path = Info.plist; sourceTree = "<group>"; };
		C2F4747AC5700DF138836D5F /* Theme.swift */ = {isa = PBXFileReference; lastKnownFileType = sourcecode.swift; path = Theme.swift; sourceTree = "<group>"; };
		C6D8C10EFC976E6B3CCD16BD /* Debug.xcconfig */ = {isa = PBXFileReference; lastKnownFileType = text.xcconfig; path = Debug.xcconfig; sourceTree = "<group>"; };
		C6EA6F80147865B6F32DD526 /* PlaygroundApp.swift */ = {isa = PBXFileReference; lastKnownFileType = sourcecode.swift; path = PlaygroundApp.swift; sourceTree = "<group>"; };
		CAC67DC1CDDC454A7BB7870A /* Assets.xcassets */ = {isa = PBXFileReference; lastKnownFileType = folder; name = Assets.xcassets; path = Sources/Assets.xcassets; sourceTree = SOURCE_ROOT; };
		D01BCE22E951887741F32904 /* ContentView.swift */ = {isa = PBXFileReference; lastKnownFileType = sourcecode.swift; path = ContentView.swift; sourceTree = "<group>"; };
		E40DD68F934F5F0D2981ACA1 /* Playground.app */ = {isa = PBXFileReference; includeInIndex = 0; lastKnownFileType = wrapper.application; path = Playground.app; sourceTree = BUILT_PRODUCTS_DIR; };
		FF86B8E1368C9B39424F13C0 /* DiscoverTab.swift */ = {isa = PBXFileReference; lastKnownFileType = sourcecode.swift; path = DiscoverTab.swift; sourceTree = "<group>"; };
/* End PBXFileReference section */

/* Begin PBXGroup section */
		3F6B916872C30820F6241E84 /* Products */ = {
			isa = PBXGroup;
			children = (
				E40DD68F934F5F0D2981ACA1 /* Playground.app */,
			);
			name = Products;
			sourceTree = "<group>";
		};
		6BB7FE49E94ED3C6DF5E9D08 /* Theme */ = {
			isa = PBXGroup;
			children = (
				2B46870C2DDF4A2F73A5778B /* Colors.swift */,
				C2F4747AC5700DF138836D5F /* Theme.swift */,
			);
			path = Theme;
			sourceTree = "<group>";
		};
		AABC9BE64A1302199D5D2AF8 /* Sources */ = {
			isa = PBXGroup;
			children = (
				D01BCE22E951887741F32904 /* ContentView.swift */,
				BDA9169E926B14087F3B1BA2 /* Info.plist */,
				C6EA6F80147865B6F32DD526 /* PlaygroundApp.swift */,
				EAF2D62F55B68E2361617BFC /* Tabs */,
				6BB7FE49E94ED3C6DF5E9D08 /* Theme */,
			);
			path = Sources;
			sourceTree = "<group>";
		};
		C8708B4984B178C033908015 /* Configurations */ = {
			isa = PBXGroup;
			children = (
				C6D8C10EFC976E6B3CCD16BD /* Debug.xcconfig */,
				0C5B41C44C18F0045A6B61C2 /* Release.xcconfig */,
			);
			path = Configurations;
			sourceTree = "<group>";
		};
		E23F411CF4F5D5291A0322DE = {
			isa = PBXGroup;
			children = (
				CAC67DC1CDDC454A7BB7870A /* Assets.xcassets */,
				C8708B4984B178C033908015 /* Configurations */,
				AABC9BE64A1302199D5D2AF8 /* Sources */,
				3F6B916872C30820F6241E84 /* Products */,
			);
			sourceTree = "<group>";
		};
		EAF2D62F55B68E2361617BFC /* Tabs */ = {
			isa = PBXGroup;
			children = (
				25213AE8A9FD9A5B1EEFD97F /* DemosTab.swift */,
				FF86B8E1368C9B39424F13C0 /* DiscoverTab.swift */,
				64FD18EC8D1B9A665615C374 /* SettingsTab.swift */,
			);
			path = Tabs;
			sourceTree = "<group>";
		};
/* End PBXGroup section */

/* Begin PBXNativeTarget section */
		A1B2C3D4E5F60718A1B2C300 /* Frameworks */ = {
			isa = PBXFrameworksBuildPhase;
			buildActionMask = 2147483647;
			files = (
				A1B2C3D4E5F60718A1B2C3D4 /* AutoMobileSDK in Frameworks */,
			);
			runOnlyForDeploymentPostprocessing = 0;
		};
		739B1FD817D42F0264714A50 /* Playground */ = {
			isa = PBXNativeTarget;
			buildConfigurationList = CBF67F902A381FB2989A98D4 /* Build configuration list for PBXNativeTarget "Playground" */;
			buildPhases = (
				E40BECB45945A673BB0CC3F9 /* Sources */,
				A1B2C3D4E5F60718A1B2C300 /* Frameworks */,
				C071FD4667C21888C52DF25C /* Resources */,
			);
			buildRules = (
			);
			dependencies = (
			);
			name = Playground;
			packageProductDependencies = (
				A1B2C3D4E5F60718A1B2C3D5 /* AutoMobileSDK */,
			);
			productName = Playground;
			productReference = E40DD68F934F5F0D2981ACA1 /* Playground.app */;
			productType = "com.apple.product-type.application";
		};
/* End PBXNativeTarget section */

/* Begin PBXProject section */
		DF84942AD828BBDD499F04C0 /* Project object */ = {
			isa = PBXProject;
			attributes = {
				BuildIndependentTargetsInParallel = YES;
				LastUpgradeCheck = 2600;
				TargetAttributes = {
					739B1FD817D42F0264714A50 = {
						ProvisioningStyle = Automatic;
					};
				};
			};
			buildConfigurationList = C1581E14B552D0BE7FA2423D /* Build configuration list for PBXProject "Playground" */;
			compatibilityVersion = "Xcode 14.0";
			developmentRegion = en;
			hasScannedForEncodings = 0;
			knownRegions = (
				Base,
				en,
			);
			mainGroup = E23F411CF4F5D5291A0322DE;
			minimizedProjectReferenceProxies = 1;
			packageReferences = (
				A1B2C3D4E5F60718A1B2C3D6 /* XCLocalSwiftPackageReference "../auto-mobile-sdk" */,
			);
			preferredProjectObjectVersion = 77;
			projectDirPath = "";
			projectRoot = "";
			targets = (
				739B1FD817D42F0264714A50 /* Playground */,
			);
		};
/* End PBXProject section */

/* Begin PBXResourcesBuildPhase section */
		C071FD4667C21888C52DF25C /* Resources */ = {
			isa = PBXResourcesBuildPhase;
			buildActionMask = 2147483647;
			files = (
				C437D38FD2B064F815AE6F33 /* Assets.xcassets in Resources */,
			);
			runOnlyForDeploymentPostprocessing = 0;
		};
/* End PBXResourcesBuildPhase section */

/* Begin PBXSourcesBuildPhase section */
		E40BECB45945A673BB0CC3F9 /* Sources */ = {
			isa = PBXSourcesBuildPhase;
			buildActionMask = 2147483647;
			files = (
				97CA6F2DE628A139094EF72D /* Colors.swift in Sources */,
				5339DAC5909A688059ABBA80 /* ContentView.swift in Sources */,
				15B37A3EDBAFD6BD0FC98BFC /* DemosTab.swift in Sources */,
				EA349DF37933D70B410F7135 /* DiscoverTab.swift in Sources */,
				553F94B4D033BCA44B07AC4E /* PlaygroundApp.swift in Sources */,
				54C16E199D10E281E1E316CF /* SettingsTab.swift in Sources */,
				007B2120C2735B42A20C510B /* Theme.swift in Sources */,
			);
			runOnlyForDeploymentPostprocessing = 0;
		};
/* End PBXSourcesBuildPhase section */

/* Begin XCBuildConfiguration section */
		18883859C44E4AE8042B204F /* Debug */ = {
			isa = XCBuildConfiguration;
			baseConfigurationReference = C6D8C10EFC976E6B3CCD16BD /* Debug.xcconfig */;
			buildSettings = {
				ALWAYS_SEARCH_USER_PATHS = NO;
				CLANG_ANALYZER_NONNULL = YES;
				CLANG_ANALYZER_NUMBER_OBJECT_CONVERSION = YES_AGGRESSIVE;
				CLANG_CXX_LANGUAGE_STANDARD = "gnu++14";
				CLANG_CXX_LIBRARY = "libc++";
				CLANG_ENABLE_MODULES = YES;
				CLANG_ENABLE_OBJC_ARC = YES;
				CLANG_ENABLE_OBJC_WEAK = YES;
				CLANG_WARN_BLOCK_CAPTURE_AUTORELEASING = YES;
				CLANG_WARN_BOOL_CONVERSION = YES;
				CLANG_WARN_COMMA = YES;
				CLANG_WARN_CONSTANT_CONVERSION = YES;
				CLANG_WARN_DEPRECATED_OBJC_IMPLEMENTATIONS = YES;
				CLANG_WARN_DIRECT_OBJC_ISA_USAGE = YES_ERROR;
				CLANG_WARN_DOCUMENTATION_COMMENTS = YES;
				CLANG_WARN_EMPTY_BODY = YES;
				CLANG_WARN_ENUM_CONVERSION = YES;
				CLANG_WARN_INFINITE_RECURSION = YES;
				CLANG_WARN_INT_CONVERSION = YES;
				CLANG_WARN_NON_LITERAL_NULL_CONVERSION = YES;
				CLANG_WARN_OBJC_IMPLICIT_RETAIN_SELF = YES;
				CLANG_WARN_OBJC_LITERAL_CONVERSION = YES;
				CLANG_WARN_OBJC_ROOT_CLASS = YES_ERROR;
				CLANG_WARN_QUOTED_INCLUDE_IN_FRAMEWORK_HEADER = YES;
				CLANG_WARN_RANGE_LOOP_ANALYSIS = YES;
				CLANG_WARN_STRICT_PROTOTYPES = YES;
				CLANG_WARN_SUSPICIOUS_MOVE = YES;
				CLANG_WARN_UNGUARDED_AVAILABILITY = YES_AGGRESSIVE;
				CLANG_WARN_UNREACHABLE_CODE = YES;
				CLANG_WARN__DUPLICATE_METHOD_MATCH = YES;
				COPY_PHASE_STRIP = NO;
				ENABLE_STRICT_OBJC_MSGSEND = YES;
				GCC_C_LANGUAGE_STANDARD = gnu11;
				GCC_DYNAMIC_NO_PIC = NO;
				GCC_NO_COMMON_BLOCKS = YES;
				GCC_OPTIMIZATION_LEVEL = 0;
				GCC_WARN_64_TO_32_BIT_CONVERSION = YES;
				GCC_WARN_ABOUT_RETURN_TYPE = YES_ERROR;
				GCC_WARN_UNDECLARED_SELECTOR = YES;
				GCC_WARN_UNINITIALIZED_AUTOS = YES_AGGRESSIVE;
				GCC_WARN_UNUSED_FUNCTION = YES;
				GCC_WARN_UNUSED_VARIABLE = YES;
				IPHONEOS_DEPLOYMENT_TARGET = 17.0;
				MTL_ENABLE_DEBUG_INFO = INCLUDE_SOURCE;
				MTL_FAST_MATH = YES;
				ONLY_ACTIVE_ARCH = YES;
				PRODUCT_NAME = "$(TARGET_NAME)";
				SDKROOT = iphoneos;
				SWIFT_VERSION = 5.0;
			};
			name = Debug;
		};
		4F8F737A22C49C70A327F32E /* Debug */ = {
			isa = XCBuildConfiguration;
			buildSettings = {
				ASSETCATALOG_COMPILER_APPICON_NAME = AppIcon;
				CODE_SIGN_IDENTITY = "iPhone Developer";
				CODE_SIGN_STYLE = Automatic;
				GENERATE_INFOPLIST_FILE = NO;
				INFOPLIST_FILE = Sources/Info.plist;
				LD_RUNPATH_SEARCH_PATHS = (
					"$(inherited)",
					"@executable_path/Frameworks",
				);
				PRODUCT_BUNDLE_IDENTIFIER = dev.jasonpearson.automobile.Playground;
				SDKROOT = iphoneos;
				TARGETED_DEVICE_FAMILY = "1,2";
			};
			name = Debug;
		};
		DF83FEB514DF89BC00722881 /* Release */ = {
			isa = XCBuildConfiguration;
			buildSettings = {
				ASSETCATALOG_COMPILER_APPICON_NAME = AppIcon;
				CODE_SIGN_IDENTITY = "iPhone Developer";
				CODE_SIGN_STYLE = Automatic;
				GENERATE_INFOPLIST_FILE = NO;
				INFOPLIST_FILE = Sources/Info.plist;
				LD_RUNPATH_SEARCH_PATHS = (
					"$(inherited)",
					"@executable_path/Frameworks",
				);
				PRODUCT_BUNDLE_IDENTIFIER = dev.jasonpearson.automobile.Playground;
				SDKROOT = iphoneos;
				TARGETED_DEVICE_FAMILY = "1,2";
			};
			name = Release;
		};
		FE96C092F5D790A83D093866 /* Release */ = {
			isa = XCBuildConfiguration;
			baseConfigurationReference = 0C5B41C44C18F0045A6B61C2 /* Release.xcconfig */;
			buildSettings = {
				ALWAYS_SEARCH_USER_PATHS = NO;
				CLANG_ANALYZER_NONNULL = YES;
				CLANG_ANALYZER_NUMBER_OBJECT_CONVERSION = YES_AGGRESSIVE;
				CLANG_CXX_LANGUAGE_STANDARD = "gnu++14";
				CLANG_CXX_LIBRARY = "libc++";
				CLANG_ENABLE_MODULES = YES;
				CLANG_ENABLE_OBJC_ARC = YES;
				CLANG_ENABLE_OBJC_WEAK = YES;
				CLANG_WARN_BLOCK_CAPTURE_AUTORELEASING = YES;
				CLANG_WARN_BOOL_CONVERSION = YES;
				CLANG_WARN_COMMA = YES;
				CLANG_WARN_CONSTANT_CONVERSION = YES;
				CLANG_WARN_DEPRECATED_OBJC_IMPLEMENTATIONS = YES;
				CLANG_WARN_DIRECT_OBJC_ISA_USAGE = YES_ERROR;
				CLANG_WARN_DOCUMENTATION_COMMENTS = YES;
				CLANG_WARN_EMPTY_BODY = YES;
				CLANG_WARN_ENUM_CONVERSION = YES;
				CLANG_WARN_INFINITE_RECURSION = YES;
				CLANG_WARN_INT_CONVERSION = YES;
				CLANG_WARN_NON_LITERAL_NULL_CONVERSION = YES;
				CLANG_WARN_OBJC_IMPLICIT_RETAIN_SELF = YES;
				CLANG_WARN_OBJC_LITERAL_CONVERSION = YES;
				CLANG_WARN_OBJC_ROOT_CLASS = YES_ERROR;
				CLANG_WARN_QUOTED_INCLUDE_IN_FRAMEWORK_HEADER = YES;
				CLANG_WARN_RANGE_LOOP_ANALYSIS = YES;
				CLANG_WARN_STRICT_PROTOTYPES = YES;
				CLANG_WARN_SUSPICIOUS_MOVE = YES;
				CLANG_WARN_UNGUARDED_AVAILABILITY = YES_AGGRESSIVE;
				CLANG_WARN_UNREACHABLE_CODE = YES;
				CLANG_WARN__DUPLICATE_METHOD_MATCH = YES;
				COPY_PHASE_STRIP = NO;
				ENABLE_NS_ASSERTIONS = NO;
				ENABLE_STRICT_OBJC_MSGSEND = YES;
				GCC_C_LANGUAGE_STANDARD = gnu11;
				GCC_NO_COMMON_BLOCKS = YES;
				GCC_WARN_64_TO_32_BIT_CONVERSION = YES;
				GCC_WARN_ABOUT_RETURN_TYPE = YES_ERROR;
				GCC_WARN_UNDECLARED_SELECTOR = YES;
				GCC_WARN_UNINITIALIZED_AUTOS = YES_AGGRESSIVE;
				GCC_WARN_UNUSED_FUNCTION = YES;
				GCC_WARN_UNUSED_VARIABLE = YES;
				IPHONEOS_DEPLOYMENT_TARGET = 17.0;
				MTL_ENABLE_DEBUG_INFO = NO;
				MTL_FAST_MATH = YES;
				PRODUCT_NAME = "$(TARGET_NAME)";
				SDKROOT = iphoneos;
				SWIFT_VERSION = 5.0;
			};
			name = Release;
		};
/* End XCBuildConfiguration section */

/* Begin XCConfigurationList section */
		C1581E14B552D0BE7FA2423D /* Build configuration list for PBXProject "Playground" */ = {
			isa = XCConfigurationList;
			buildConfigurations = (
				18883859C44E4AE8042B204F /* Debug */,
				FE96C092F5D790A83D093866 /* Release */,
			);
			defaultConfigurationIsVisible = 0;
			defaultConfigurationName = Debug;
		};
		CBF67F902A381FB2989A98D4 /* Build configuration list for PBXNativeTarget "Playground" */ = {
			isa = XCConfigurationList;
			buildConfigurations = (
				4F8F737A22C49C70A327F32E /* Debug */,
				DF83FEB514DF89BC00722881 /* Release */,
			);
			defaultConfigurationIsVisible = 0;
			defaultConfigurationName = Debug;
		};
/* End XCConfigurationList section */

/* Begin XCLocalSwiftPackageReference section */
		A1B2C3D4E5F60718A1B2C3D6 /* XCLocalSwiftPackageReference "../auto-mobile-sdk" */ = {
			isa = XCLocalSwiftPackageReference;
			relativePath = "../auto-mobile-sdk";
		};
/* End XCLocalSwiftPackageReference section */

/* Begin XCSwiftPackageProductDependency section */
		A1B2C3D4E5F60718A1B2C3D5 /* AutoMobileSDK */ = {
			isa = XCSwiftPackageProductDependency;
			productName = AutoMobileSDK;
		};
/* End XCSwiftPackageProductDependency section */
	};
	rootObject = DF84942AD828BBDD499F04C0 /* Project object */;
}
