// !$*UTF8*$!
{
	archiveVersion = 1;
	classes = {
	};
	objectVersion = 77;
	objects = {

/* Begin PBXBuildFile section */
		037DA42AFA18F5976D19A594 /* XCTestServiceUITests.swift in Sources */ = {isa = PBXBuildFile; fileRef = E0033B69189AE1222D06ACA8 /* XCTestServiceUITests.swift */; };
		052E12A5C50F95E644253CEB /* Protocols.swift in Sources */ = {isa = PBXBuildFile; fileRef = 38BA6768C288E782FD4BF007 /* Protocols.swift */; };
		0C0DA069D9B774797B08050D /* Fakes.swift in Sources */ = {isa = PBXBuildFile; fileRef = BF3CE124F2A6CD97A0B61A20 /* Fakes.swift */; };
		196923B8D693CBFA0F64FBE8 /* ElementLocator.swift in Sources */ = {isa = PBXBuildFile; fileRef = FA85B8D1F76B85F7A40A9AC1 /* ElementLocator.swift */; };
		26BE4CDC25C50AF275B5D62D /* ElementLocator.swift in Sources */ = {isa = PBXBuildFile; fileRef = FA85B8D1F76B85F7A40A9AC1 /* ElementLocator.swift */; };
		2CF1BFE1F9C343DDC3327B62 /* XCTestService.swift in Sources */ = {isa = PBXBuildFile; fileRef = 56827EE4350DFB34C181E6F9 /* XCTestService.swift */; };
		2E3CACA8F6B100AA92191D14 /* PerfProvider.swift in Sources */ = {isa = PBXBuildFile; fileRef = B2405456E61E2BE2AB9837DD /* PerfProvider.swift */; };
		2EB2329D4CC93BCE10835479 /* GesturePerformer.swift in Sources */ = {isa = PBXBuildFile; fileRef = 7B65ACD5F3352EAF7DF305F8 /* GesturePerformer.swift */; };
		3E431C908DCDEFB2E52F4564 /* Models.swift in Sources */ = {isa = PBXBuildFile; fileRef = F0E0ED91DB46F9FC23B3868E /* Models.swift */; };
		471BDC31826855445CB0FF30 /* AppDelegate.swift in Sources */ = {isa = PBXBuildFile; fileRef = 68B265512A37308C098B3E01 /* AppDelegate.swift */; };
		5151C4235C549690408DE674 /* PerfProviderTests.swift in Sources */ = {isa = PBXBuildFile; fileRef = B3ADC91E330FEFCD9882A30A /* PerfProviderTests.swift */; };
		66FB888E218A443091A2DD8B /* XCTestService.swift in Sources */ = {isa = PBXBuildFile; fileRef = 56827EE4350DFB34C181E6F9 /* XCTestService.swift */; };
		6BE1A8BAB50B6EC54287A6C6 /* ModelsTests.swift in Sources */ = {isa = PBXBuildFile; fileRef = B6802366B39546509F431F39 /* ModelsTests.swift */; };
		76C282F48CB5169159D6A6D9 /* PerfProvider.swift in Sources */ = {isa = PBXBuildFile; fileRef = B2405456E61E2BE2AB9837DD /* PerfProvider.swift */; };
		9CA64759740038CD0BACC740 /* WebSocketServer.swift in Sources */ = {isa = PBXBuildFile; fileRef = A36DE1E4D00CEF199F076EBE /* WebSocketServer.swift */; };
		A056201FD1164D5BD940F478 /* CommandHandler.swift in Sources */ = {isa = PBXBuildFile; fileRef = F7E6580240FAAEF11D3AE486 /* CommandHandler.swift */; };
		A296D70736925E1B71FCE929 /* XCTestService.framework in Frameworks */ = {isa = PBXBuildFile; fileRef = 9788C24D07660B4E2960BC91 /* XCTestService.framework */; };
		AC84EB7D0DB0475DCB749CEC /* XCTestService.framework in Embed Frameworks */ = {isa = PBXBuildFile; fileRef = 9788C24D07660B4E2960BC91 /* XCTestService.framework */; settings = {ATTRIBUTES = (CodeSignOnCopy, RemoveHeadersOnCopy, ); }; };
		AFF0F4FB01A3EF5919FEDA22 /* GesturePerformer.swift in Sources */ = {isa = PBXBuildFile; fileRef = 7B65ACD5F3352EAF7DF305F8 /* GesturePerformer.swift */; };
		B52D39007BB9B35F65DA162B /* Protocols.swift in Sources */ = {isa = PBXBuildFile; fileRef = 38BA6768C288E782FD4BF007 /* Protocols.swift */; };
		D6F565155DCCD47DE1D137F0 /* Assets.xcassets in Resources */ = {isa = PBXBuildFile; fileRef = DCBC1B4FA0889E01E6670015 /* Assets.xcassets */; };
		E4386D208A9A2B600DD0C5F0 /* CommandHandler.swift in Sources */ = {isa = PBXBuildFile; fileRef = F7E6580240FAAEF11D3AE486 /* CommandHandler.swift */; };
		EFF6AEFF4C9BA793D21D1FE0 /* Models.swift in Sources */ = {isa = PBXBuildFile; fileRef = F0E0ED91DB46F9FC23B3868E /* Models.swift */; };
		F16F89D0CE46B3F7EA09DC0E /* WebSocketServer.swift in Sources */ = {isa = PBXBuildFile; fileRef = A36DE1E4D00CEF199F076EBE /* WebSocketServer.swift */; };
		F2C455F1A1F5B8F75E0A80EC /* XCTestService.framework in Embed Frameworks */ = {isa = PBXBuildFile; fileRef = 9788C24D07660B4E2960BC91 /* XCTestService.framework */; settings = {ATTRIBUTES = (CodeSignOnCopy, RemoveHeadersOnCopy, ); }; };
		FCEF451F5F925373E2FB5A2C /* XCTestService.framework in Frameworks */ = {isa = PBXBuildFile; fileRef = 9788C24D07660B4E2960BC91 /* XCTestService.framework */; };
/* End PBXBuildFile section */

/* Begin PBXContainerItemProxy section */
		2B06022F7B31D6647E1A4DC1 /* PBXContainerItemProxy */ = {
			isa = PBXContainerItemProxy;
			containerPortal = DA9C5717DADAEC2EAC38F4C6 /* Project object */;
			proxyType = 1;
			remoteGlobalIDString = 78D8EB901BF6BD6054C005AC;
			remoteInfo = XCTestService;
		};
		5977F37AF1AAC4483E9B918F /* PBXContainerItemProxy */ = {
			isa = PBXContainerItemProxy;
			containerPortal = DA9C5717DADAEC2EAC38F4C6 /* Project object */;
			proxyType = 1;
			remoteGlobalIDString = 64ABA10AC1845842C74A47EF;
			remoteInfo = XCTestServiceApp;
		};
		8788907F136A078FAF51E6E1 /* PBXContainerItemProxy */ = {
			isa = PBXContainerItemProxy;
			containerPortal = DA9C5717DADAEC2EAC38F4C6 /* Project object */;
			proxyType = 1;
			remoteGlobalIDString = 78D8EB901BF6BD6054C005AC;
			remoteInfo = XCTestService;
		};
/* End PBXContainerItemProxy section */

/* Begin PBXCopyFilesBuildPhase section */
		48F351B420D9ACF2359997B8 /* Embed Frameworks */ = {
			isa = PBXCopyFilesBuildPhase;
			buildActionMask = 2147483647;
			dstPath = "";
			dstSubfolderSpec = 10;
			files = (
				AC84EB7D0DB0475DCB749CEC /* XCTestService.framework in Embed Frameworks */,
			);
			name = "Embed Frameworks";
			runOnlyForDeploymentPostprocessing = 0;
		};
		8A21574994AAA70CC279B103 /* Embed Frameworks */ = {
			isa = PBXCopyFilesBuildPhase;
			buildActionMask = 2147483647;
			dstPath = "";
			dstSubfolderSpec = 10;
			files = (
				F2C455F1A1F5B8F75E0A80EC /* XCTestService.framework in Embed Frameworks */,
			);
			name = "Embed Frameworks";
			runOnlyForDeploymentPostprocessing = 0;
		};
/* End PBXCopyFilesBuildPhase section */

/* Begin PBXFileReference section */
		1DB65B3413204854959BE7FF /* XCTestServiceTests.xctest */ = {isa = PBXFileReference; includeInIndex = 0; lastKnownFileType = wrapper.cfbundle; path = XCTestServiceTests.xctest; sourceTree = BUILT_PRODUCTS_DIR; };
		29DDC30D37A5903F163DD4E5 /* Debug.xcconfig */ = {isa = PBXFileReference; lastKnownFileType = text.xcconfig; path = Debug.xcconfig; sourceTree = "<group>"; };
		38BA6768C288E782FD4BF007 /* Protocols.swift */ = {isa = PBXFileReference; lastKnownFileType = sourcecode.swift; path = Protocols.swift; sourceTree = "<group>"; };
		3E3ECFB96E6F3A2EC111980D /* XCTestServiceUITests.xctest */ = {isa = PBXFileReference; includeInIndex = 0; lastKnownFileType = wrapper.cfbundle; path = XCTestServiceUITests.xctest; sourceTree = BUILT_PRODUCTS_DIR; };
		56827EE4350DFB34C181E6F9 /* XCTestService.swift */ = {isa = PBXFileReference; lastKnownFileType = sourcecode.swift; path = XCTestService.swift; sourceTree = "<group>"; };
		68B265512A37308C098B3E01 /* AppDelegate.swift */ = {isa = PBXFileReference; lastKnownFileType = sourcecode.swift; path = AppDelegate.swift; sourceTree = "<group>"; };
		7B65ACD5F3352EAF7DF305F8 /* GesturePerformer.swift */ = {isa = PBXFileReference; lastKnownFileType = sourcecode.swift; path = GesturePerformer.swift; sourceTree = "<group>"; };
		8098B3F86909EF6EDFF01D23 /* Release.xcconfig */ = {isa = PBXFileReference; lastKnownFileType = text.xcconfig; path = Release.xcconfig; sourceTree = "<group>"; };
		952BC86A5C17183D97D8BD16 /* XCTestServiceApp.app */ = {isa = PBXFileReference; includeInIndex = 0; lastKnownFileType = wrapper.application; path = XCTestServiceApp.app; sourceTree = BUILT_PRODUCTS_DIR; };
		9788C24D07660B4E2960BC91 /* XCTestService.framework */ = {isa = PBXFileReference; explicitFileType = wrapper.framework; includeInIndex = 0; path = XCTestService.framework; sourceTree = BUILT_PRODUCTS_DIR; };
		A36DE1E4D00CEF199F076EBE /* WebSocketServer.swift */ = {isa = PBXFileReference; lastKnownFileType = sourcecode.swift; path = WebSocketServer.swift; sourceTree = "<group>"; };
		B2405456E61E2BE2AB9837DD /* PerfProvider.swift */ = {isa = PBXFileReference; lastKnownFileType = sourcecode.swift; path = PerfProvider.swift; sourceTree = "<group>"; };
		B3ADC91E330FEFCD9882A30A /* PerfProviderTests.swift */ = {isa = PBXFileReference; lastKnownFileType = sourcecode.swift; path = PerfProviderTests.swift; sourceTree = "<group>"; };
		B6802366B39546509F431F39 /* ModelsTests.swift */ = {isa = PBXFileReference; lastKnownFileType = sourcecode.swift; path = ModelsTests.swift; sourceTree = "<group>"; };
		BF3CE124F2A6CD97A0B61A20 /* Fakes.swift */ = {isa = PBXFileReference; lastKnownFileType = sourcecode.swift; path = Fakes.swift; sourceTree = "<group>"; };
		DCBC1B4FA0889E01E6670015 /* Assets.xcassets */ = {isa = PBXFileReference; lastKnownFileType = folder; name = Assets.xcassets; path = XCTestServiceApp/Assets.xcassets; sourceTree = SOURCE_ROOT; };
		E0033B69189AE1222D06ACA8 /* XCTestServiceUITests.swift */ = {isa = PBXFileReference; lastKnownFileType = sourcecode.swift; path = XCTestServiceUITests.swift; sourceTree = "<group>"; };
		F0E0ED91DB46F9FC23B3868E /* Models.swift */ = {isa = PBXFileReference; lastKnownFileType = sourcecode.swift; path = Models.swift; sourceTree = "<group>"; };
		F7E6580240FAAEF11D3AE486 /* CommandHandler.swift */ = {isa = PBXFileReference; lastKnownFileType = sourcecode.swift; path = CommandHandler.swift; sourceTree = "<group>"; };
		FA85B8D1F76B85F7A40A9AC1 /* ElementLocator.swift */ = {isa = PBXFileReference; lastKnownFileType = sourcecode.swift; path = ElementLocator.swift; sourceTree = "<group>"; };
		FC0A6D748551BD93FA185962 /* Info.plist */ = {isa = PBXFileReference; lastKnownFileType = text.plist; path = Info.plist; sourceTree = "<group>"; };
/* End PBXFileReference section */

/* Begin PBXFrameworksBuildPhase section */
		9D8497137D16D3914AC0B656 /* Frameworks */ = {
			isa = PBXFrameworksBuildPhase;
			buildActionMask = 2147483647;
			files = (
				A296D70736925E1B71FCE929 /* XCTestService.framework in Frameworks */,
			);
			runOnlyForDeploymentPostprocessing = 0;
		};
		B11880505A08779A2A23B34E /* Frameworks */ = {
			isa = PBXFrameworksBuildPhase;
			buildActionMask = 2147483647;
			files = (
				FCEF451F5F925373E2FB5A2C /* XCTestService.framework in Frameworks */,
			);
			runOnlyForDeploymentPostprocessing = 0;
		};
/* End PBXFrameworksBuildPhase section */

/* Begin PBXGroup section */
		44A49ABA87C2EAAFDE2070BB /* Configurations */ = {
			isa = PBXGroup;
			children = (
				29DDC30D37A5903F163DD4E5 /* Debug.xcconfig */,
				8098B3F86909EF6EDFF01D23 /* Release.xcconfig */,
			);
			path = Configurations;
			sourceTree = "<group>";
		};
		A5FA5FAB58C57CFF316C0AEC = {
			isa = PBXGroup;
			children = (
				DCBC1B4FA0889E01E6670015 /* Assets.xcassets */,
				44A49ABA87C2EAAFDE2070BB /* Configurations */,
				B2CE549121F095DF2D1DB9D4 /* XCTestService */,
				FFCC9A6540DDA3D9FD505EB5 /* XCTestServiceApp */,
				D1CD7B069AF7DC2F38D61B26 /* XCTestServiceTests */,
				E1D296EDC3BEB4DD69F3EA7B /* XCTestServiceUITests */,
				A8E97C96C2A803D4D0E756AB /* Products */,
			);
			sourceTree = "<group>";
		};
		A8E97C96C2A803D4D0E756AB /* Products */ = {
			isa = PBXGroup;
			children = (
				9788C24D07660B4E2960BC91 /* XCTestService.framework */,
				952BC86A5C17183D97D8BD16 /* XCTestServiceApp.app */,
				1DB65B3413204854959BE7FF /* XCTestServiceTests.xctest */,
				3E3ECFB96E6F3A2EC111980D /* XCTestServiceUITests.xctest */,
			);
			name = Products;
			sourceTree = "<group>";
		};
		B2CE549121F095DF2D1DB9D4 /* XCTestService */ = {
			isa = PBXGroup;
			children = (
				F7E6580240FAAEF11D3AE486 /* CommandHandler.swift */,
				FA85B8D1F76B85F7A40A9AC1 /* ElementLocator.swift */,
				BF3CE124F2A6CD97A0B61A20 /* Fakes.swift */,
				7B65ACD5F3352EAF7DF305F8 /* GesturePerformer.swift */,
				F0E0ED91DB46F9FC23B3868E /* Models.swift */,
				B2405456E61E2BE2AB9837DD /* PerfProvider.swift */,
				38BA6768C288E782FD4BF007 /* Protocols.swift */,
				A36DE1E4D00CEF199F076EBE /* WebSocketServer.swift */,
				56827EE4350DFB34C181E6F9 /* XCTestService.swift */,
			);
			name = XCTestService;
			path = Sources/XCTestService;
			sourceTree = "<group>";
		};
		D1CD7B069AF7DC2F38D61B26 /* XCTestServiceTests */ = {
			isa = PBXGroup;
			children = (
				B6802366B39546509F431F39 /* ModelsTests.swift */,
				B3ADC91E330FEFCD9882A30A /* PerfProviderTests.swift */,
			);
			name = XCTestServiceTests;
			path = Tests/XCTestServiceTests;
			sourceTree = "<group>";
		};
		E1D296EDC3BEB4DD69F3EA7B /* XCTestServiceUITests */ = {
			isa = PBXGroup;
			children = (
				E0033B69189AE1222D06ACA8 /* XCTestServiceUITests.swift */,
			);
			name = XCTestServiceUITests;
			path = Tests/XCTestServiceUITests;
			sourceTree = "<group>";
		};
		FFCC9A6540DDA3D9FD505EB5 /* XCTestServiceApp */ = {
			isa = PBXGroup;
			children = (
				68B265512A37308C098B3E01 /* AppDelegate.swift */,
				FC0A6D748551BD93FA185962 /* Info.plist */,
			);
			path = XCTestServiceApp;
			sourceTree = "<group>";
		};
/* End PBXGroup section */

/* Begin PBXNativeTarget section */
		14E9F6D055EFE0BC4CE6073B /* XCTestServiceUITests */ = {
			isa = PBXNativeTarget;
			buildConfigurationList = 6432610C1E5574DF61149E41 /* Build configuration list for PBXNativeTarget "XCTestServiceUITests" */;
			buildPhases = (
				E0BA1894423433D5DE8AD3DF /* Sources */,
			);
			buildRules = (
			);
			dependencies = (
				96BB0E3BE82982AAB4BC8881 /* PBXTargetDependency */,
			);
			name = XCTestServiceUITests;
			packageProductDependencies = (
			);
			productName = XCTestServiceUITests;
			productReference = 3E3ECFB96E6F3A2EC111980D /* XCTestServiceUITests.xctest */;
			productType = "com.apple.product-type.bundle.ui-testing";
		};
		5C25456B69D4B3C0F5619AF4 /* XCTestServiceTests */ = {
			isa = PBXNativeTarget;
			buildConfigurationList = 36B3E4AC025706695BF4DB76 /* Build configuration list for PBXNativeTarget "XCTestServiceTests" */;
			buildPhases = (
				31F189BB4F5C36260E86A5F2 /* Sources */,
				B11880505A08779A2A23B34E /* Frameworks */,
				48F351B420D9ACF2359997B8 /* Embed Frameworks */,
			);
			buildRules = (
			);
			dependencies = (
				EBE0CC4D6D7E8FCE374400C8 /* PBXTargetDependency */,
			);
			name = XCTestServiceTests;
			packageProductDependencies = (
			);
			productName = XCTestServiceTests;
			productReference = 1DB65B3413204854959BE7FF /* XCTestServiceTests.xctest */;
			productType = "com.apple.product-type.bundle.unit-test";
		};
		64ABA10AC1845842C74A47EF /* XCTestServiceApp */ = {
			isa = PBXNativeTarget;
			buildConfigurationList = DB120CF9F67C777E9E91625F /* Build configuration list for PBXNativeTarget "XCTestServiceApp" */;
			buildPhases = (
				B4A01F621218A61347BCFA47 /* Sources */,
				15377F97C0089E48BD526BDE /* Resources */,
				9D8497137D16D3914AC0B656 /* Frameworks */,
				8A21574994AAA70CC279B103 /* Embed Frameworks */,
			);
			buildRules = (
			);
			dependencies = (
				CE26F3B5129D4DAD7ACDC79A /* PBXTargetDependency */,
			);
			name = XCTestServiceApp;
			packageProductDependencies = (
			);
			productName = XCTestServiceApp;
			productReference = 952BC86A5C17183D97D8BD16 /* XCTestServiceApp.app */;
			productType = "com.apple.product-type.application";
		};
		78D8EB901BF6BD6054C005AC /* XCTestService */ = {
			isa = PBXNativeTarget;
			buildConfigurationList = A2D9CDB098C4783A50F9FF04 /* Build configuration list for PBXNativeTarget "XCTestService" */;
			buildPhases = (
				431C1C0EA8CEE5849859070F /* Sources */,
			);
			buildRules = (
			);
			dependencies = (
			);
			name = XCTestService;
			packageProductDependencies = (
			);
			productName = XCTestService;
			productReference = 9788C24D07660B4E2960BC91 /* XCTestService.framework */;
			productType = "com.apple.product-type.framework";
		};
/* End PBXNativeTarget section */

/* Begin PBXProject section */
		DA9C5717DADAEC2EAC38F4C6 /* Project object */ = {
			isa = PBXProject;
			attributes = {
				BuildIndependentTargetsInParallel = YES;
				LastUpgradeCheck = 1500;
				TargetAttributes = {
					14E9F6D055EFE0BC4CE6073B = {
						ProvisioningStyle = Automatic;
						TestTargetID = 64ABA10AC1845842C74A47EF;
					};
					5C25456B69D4B3C0F5619AF4 = {
						ProvisioningStyle = Automatic;
					};
					64ABA10AC1845842C74A47EF = {
						ProvisioningStyle = Automatic;
					};
					78D8EB901BF6BD6054C005AC = {
						ProvisioningStyle = Automatic;
					};
				};
			};
			buildConfigurationList = 2386CB692F7D3AFE3AAC6B37 /* Build configuration list for PBXProject "XCTestService" */;
			compatibilityVersion = "Xcode 14.0";
			developmentRegion = en;
			hasScannedForEncodings = 0;
			knownRegions = (
				Base,
				en,
			);
			mainGroup = A5FA5FAB58C57CFF316C0AEC;
			minimizedProjectReferenceProxies = 1;
			preferredProjectObjectVersion = 77;
			projectDirPath = "";
			projectRoot = "";
			targets = (
				78D8EB901BF6BD6054C005AC /* XCTestService */,
				64ABA10AC1845842C74A47EF /* XCTestServiceApp */,
				5C25456B69D4B3C0F5619AF4 /* XCTestServiceTests */,
				14E9F6D055EFE0BC4CE6073B /* XCTestServiceUITests */,
			);
		};
/* End PBXProject section */

/* Begin PBXResourcesBuildPhase section */
		15377F97C0089E48BD526BDE /* Resources */ = {
			isa = PBXResourcesBuildPhase;
			buildActionMask = 2147483647;
			files = (
				D6F565155DCCD47DE1D137F0 /* Assets.xcassets in Resources */,
			);
			runOnlyForDeploymentPostprocessing = 0;
		};
/* End PBXResourcesBuildPhase section */

/* Begin PBXSourcesBuildPhase section */
		31F189BB4F5C36260E86A5F2 /* Sources */ = {
			isa = PBXSourcesBuildPhase;
			buildActionMask = 2147483647;
			files = (
				6BE1A8BAB50B6EC54287A6C6 /* ModelsTests.swift in Sources */,
				5151C4235C549690408DE674 /* PerfProviderTests.swift in Sources */,
			);
			runOnlyForDeploymentPostprocessing = 0;
		};
		431C1C0EA8CEE5849859070F /* Sources */ = {
			isa = PBXSourcesBuildPhase;
			buildActionMask = 2147483647;
			files = (
				E4386D208A9A2B600DD0C5F0 /* CommandHandler.swift in Sources */,
				26BE4CDC25C50AF275B5D62D /* ElementLocator.swift in Sources */,
				0C0DA069D9B774797B08050D /* Fakes.swift in Sources */,
				AFF0F4FB01A3EF5919FEDA22 /* GesturePerformer.swift in Sources */,
				3E431C908DCDEFB2E52F4564 /* Models.swift in Sources */,
				76C282F48CB5169159D6A6D9 /* PerfProvider.swift in Sources */,
				052E12A5C50F95E644253CEB /* Protocols.swift in Sources */,
				9CA64759740038CD0BACC740 /* WebSocketServer.swift in Sources */,
				2CF1BFE1F9C343DDC3327B62 /* XCTestService.swift in Sources */,
			);
			runOnlyForDeploymentPostprocessing = 0;
		};
		B4A01F621218A61347BCFA47 /* Sources */ = {
			isa = PBXSourcesBuildPhase;
			buildActionMask = 2147483647;
			files = (
				471BDC31826855445CB0FF30 /* AppDelegate.swift in Sources */,
			);
			runOnlyForDeploymentPostprocessing = 0;
		};
		E0BA1894423433D5DE8AD3DF /* Sources */ = {
			isa = PBXSourcesBuildPhase;
			buildActionMask = 2147483647;
			files = (
				A056201FD1164D5BD940F478 /* CommandHandler.swift in Sources */,
				196923B8D693CBFA0F64FBE8 /* ElementLocator.swift in Sources */,
				2EB2329D4CC93BCE10835479 /* GesturePerformer.swift in Sources */,
				EFF6AEFF4C9BA793D21D1FE0 /* Models.swift in Sources */,
				2E3CACA8F6B100AA92191D14 /* PerfProvider.swift in Sources */,
				B52D39007BB9B35F65DA162B /* Protocols.swift in Sources */,
				F16F89D0CE46B3F7EA09DC0E /* WebSocketServer.swift in Sources */,
				66FB888E218A443091A2DD8B /* XCTestService.swift in Sources */,
				037DA42AFA18F5976D19A594 /* XCTestServiceUITests.swift in Sources */,
			);
			runOnlyForDeploymentPostprocessing = 0;
		};
/* End PBXSourcesBuildPhase section */

/* Begin PBXTargetDependency section */
		96BB0E3BE82982AAB4BC8881 /* PBXTargetDependency */ = {
			isa = PBXTargetDependency;
			target = 64ABA10AC1845842C74A47EF /* XCTestServiceApp */;
			targetProxy = 5977F37AF1AAC4483E9B918F /* PBXContainerItemProxy */;
		};
		CE26F3B5129D4DAD7ACDC79A /* PBXTargetDependency */ = {
			isa = PBXTargetDependency;
			target = 78D8EB901BF6BD6054C005AC /* XCTestService */;
			targetProxy = 8788907F136A078FAF51E6E1 /* PBXContainerItemProxy */;
		};
		EBE0CC4D6D7E8FCE374400C8 /* PBXTargetDependency */ = {
			isa = PBXTargetDependency;
			target = 78D8EB901BF6BD6054C005AC /* XCTestService */;
			targetProxy = 2B06022F7B31D6647E1A4DC1 /* PBXContainerItemProxy */;
		};
/* End PBXTargetDependency section */

/* Begin XCBuildConfiguration section */
		072E8246C2D4D7432EE6C1C5 /* Release */ = {
			isa = XCBuildConfiguration;
			buildSettings = {
				CODE_SIGN_IDENTITY = "";
				CODE_SIGN_STYLE = Automatic;
				CURRENT_PROJECT_VERSION = 1;
				DEFINES_MODULE = YES;
				DYLIB_COMPATIBILITY_VERSION = 1;
				DYLIB_CURRENT_VERSION = 1;
				DYLIB_INSTALL_NAME_BASE = "@rpath";
				GENERATE_INFOPLIST_FILE = YES;
				INSTALL_PATH = "$(LOCAL_LIBRARY_DIR)/Frameworks";
				LD_RUNPATH_SEARCH_PATHS = (
					"$(inherited)",
					"@executable_path/Frameworks",
				);
				PRODUCT_BUNDLE_IDENTIFIER = dev.jasonpearson.automobile.XCTestService;
				SDKROOT = iphoneos;
				SKIP_INSTALL = YES;
				TARGETED_DEVICE_FAMILY = "1,2";
				VERSIONING_SYSTEM = "apple-generic";
			};
			name = Release;
		};
		12E5420BAB523846CFDDE939 /* Debug */ = {
			isa = XCBuildConfiguration;
			buildSettings = {
				ASSETCATALOG_COMPILER_APPICON_NAME = AppIcon;
				CODE_SIGN_IDENTITY = "iPhone Developer";
				CODE_SIGN_STYLE = Automatic;
				INFOPLIST_FILE = XCTestServiceApp/Info.plist;
				LD_RUNPATH_SEARCH_PATHS = (
					"$(inherited)",
					"@executable_path/Frameworks",
				);
				PRODUCT_BUNDLE_IDENTIFIER = dev.jasonpearson.automobile.XCTestServiceApp;
				SDKROOT = iphoneos;
				TARGETED_DEVICE_FAMILY = "1,2";
			};
			name = Debug;
		};
		42AAB73690231B065121DCD1 /* Release */ = {
			isa = XCBuildConfiguration;
			buildSettings = {
				ASSETCATALOG_COMPILER_APPICON_NAME = AppIcon;
				CODE_SIGN_IDENTITY = "iPhone Developer";
				CODE_SIGN_STYLE = Automatic;
				INFOPLIST_FILE = XCTestServiceApp/Info.plist;
				LD_RUNPATH_SEARCH_PATHS = (
					"$(inherited)",
					"@executable_path/Frameworks",
				);
				PRODUCT_BUNDLE_IDENTIFIER = dev.jasonpearson.automobile.XCTestServiceApp;
				SDKROOT = iphoneos;
				TARGETED_DEVICE_FAMILY = "1,2";
			};
			name = Release;
		};
		5838E1A1C5ACD927BDEFF774 /* Release */ = {
			isa = XCBuildConfiguration;
			buildSettings = {
				BUNDLE_LOADER = "$(TEST_HOST)";
				CODE_SIGN_STYLE = Automatic;
				GENERATE_INFOPLIST_FILE = YES;
				LD_RUNPATH_SEARCH_PATHS = (
					"$(inherited)",
					"@executable_path/Frameworks",
					"@loader_path/Frameworks",
				);
				PRODUCT_BUNDLE_IDENTIFIER = dev.jasonpearson.automobile.XCTestServiceTests;
				SDKROOT = iphoneos;
				TARGETED_DEVICE_FAMILY = "1,2";
			};
			name = Release;
		};
		6D944E72A2CC6804549373C0 /* Debug */ = {
			isa = XCBuildConfiguration;
			buildSettings = {
				BUNDLE_LOADER = "$(TEST_HOST)";
				CODE_SIGN_STYLE = Automatic;
				GENERATE_INFOPLIST_FILE = YES;
				LD_RUNPATH_SEARCH_PATHS = (
					"$(inherited)",
					"@executable_path/Frameworks",
					"@loader_path/Frameworks",
				);
				PRODUCT_BUNDLE_IDENTIFIER = dev.jasonpearson.automobile.XCTestServiceTests;
				SDKROOT = iphoneos;
				TARGETED_DEVICE_FAMILY = "1,2";
			};
			name = Debug;
		};
		89E62AAD6F90DBDBE69DA15B /* Debug */ = {
			isa = XCBuildConfiguration;
			baseConfigurationReference = 29DDC30D37A5903F163DD4E5 /* Debug.xcconfig */;
			buildSettings = {
				ALWAYS_SEARCH_USER_PATHS = NO;
				CLANG_ANALYZER_NUMBER_OBJECT_CONVERSION = YES_AGGRESSIVE;
				CLANG_CXX_LANGUAGE_STANDARD = "gnu++14";
				CLANG_CXX_LIBRARY = "libc++";
				CLANG_ENABLE_MODULES = YES;
				CLANG_ENABLE_OBJC_ARC = YES;
				CLANG_ENABLE_OBJC_WEAK = YES;
				CLANG_WARN_DIRECT_OBJC_ISA_USAGE = YES_ERROR;
				CLANG_WARN_DOCUMENTATION_COMMENTS = YES;
				CLANG_WARN_OBJC_ROOT_CLASS = YES_ERROR;
				CLANG_WARN__DUPLICATE_METHOD_MATCH = YES;
				COPY_PHASE_STRIP = NO;
				GCC_C_LANGUAGE_STANDARD = gnu11;
				GCC_DYNAMIC_NO_PIC = NO;
				GCC_WARN_ABOUT_RETURN_TYPE = YES_ERROR;
				GCC_WARN_UNDECLARED_SELECTOR = YES;
				GCC_WARN_UNINITIALIZED_AUTOS = YES_AGGRESSIVE;
				GCC_WARN_UNUSED_FUNCTION = YES;
				IPHONEOS_DEPLOYMENT_TARGET = 15.0;
				MTL_ENABLE_DEBUG_INFO = INCLUDE_SOURCE;
				MTL_FAST_MATH = YES;
				ONLY_ACTIVE_ARCH = YES;
				PRODUCT_NAME = "$(TARGET_NAME)";
				SDKROOT = iphoneos;
				SWIFT_VERSION = 5.0;
			};
			name = Debug;
		};
		CD4A7997CC70095CE9ECBE14 /* Release */ = {
			isa = XCBuildConfiguration;
			buildSettings = {
				BUNDLE_LOADER = "$(TEST_HOST)";
				CODE_SIGN_STYLE = Automatic;
				GENERATE_INFOPLIST_FILE = YES;
				LD_RUNPATH_SEARCH_PATHS = (
					"$(inherited)",
					"@executable_path/Frameworks",
					"@loader_path/Frameworks",
				);
				PRODUCT_BUNDLE_IDENTIFIER = dev.jasonpearson.automobile.XCTestServiceUITests;
				SDKROOT = iphoneos;
				TARGETED_DEVICE_FAMILY = "1,2";
				TEST_TARGET_NAME = XCTestServiceApp;
			};
			name = Release;
		};
		CF4281BA6C87512F48E0F2FE /* Debug */ = {
			isa = XCBuildConfiguration;
			buildSettings = {
				BUNDLE_LOADER = "$(TEST_HOST)";
				CODE_SIGN_STYLE = Automatic;
				GENERATE_INFOPLIST_FILE = YES;
				LD_RUNPATH_SEARCH_PATHS = (
					"$(inherited)",
					"@executable_path/Frameworks",
					"@loader_path/Frameworks",
				);
				PRODUCT_BUNDLE_IDENTIFIER = dev.jasonpearson.automobile.XCTestServiceUITests;
				SDKROOT = iphoneos;
				TARGETED_DEVICE_FAMILY = "1,2";
				TEST_TARGET_NAME = XCTestServiceApp;
			};
			name = Debug;
		};
		E7A9E9DB727CA73081625FE8 /* Debug */ = {
			isa = XCBuildConfiguration;
			buildSettings = {
				CODE_SIGN_IDENTITY = "";
				CODE_SIGN_STYLE = Automatic;
				CURRENT_PROJECT_VERSION = 1;
				DEFINES_MODULE = YES;
				DYLIB_COMPATIBILITY_VERSION = 1;
				DYLIB_CURRENT_VERSION = 1;
				DYLIB_INSTALL_NAME_BASE = "@rpath";
				GENERATE_INFOPLIST_FILE = YES;
				INSTALL_PATH = "$(LOCAL_LIBRARY_DIR)/Frameworks";
				LD_RUNPATH_SEARCH_PATHS = (
					"$(inherited)",
					"@executable_path/Frameworks",
				);
				PRODUCT_BUNDLE_IDENTIFIER = dev.jasonpearson.automobile.XCTestService;
				SDKROOT = iphoneos;
				SKIP_INSTALL = YES;
				TARGETED_DEVICE_FAMILY = "1,2";
				VERSIONING_SYSTEM = "apple-generic";
			};
			name = Debug;
		};
		EC40EEB4F8D8525FE22F4168 /* Release */ = {
			isa = XCBuildConfiguration;
			baseConfigurationReference = 8098B3F86909EF6EDFF01D23 /* Release.xcconfig */;
			buildSettings = {
				ALWAYS_SEARCH_USER_PATHS = NO;
				CLANG_ANALYZER_NUMBER_OBJECT_CONVERSION = YES_AGGRESSIVE;
				CLANG_CXX_LANGUAGE_STANDARD = "gnu++14";
				CLANG_CXX_LIBRARY = "libc++";
				CLANG_ENABLE_MODULES = YES;
				CLANG_ENABLE_OBJC_ARC = YES;
				CLANG_ENABLE_OBJC_WEAK = YES;
				CLANG_WARN_DIRECT_OBJC_ISA_USAGE = YES_ERROR;
				CLANG_WARN_DOCUMENTATION_COMMENTS = YES;
				CLANG_WARN_OBJC_ROOT_CLASS = YES_ERROR;
				CLANG_WARN__DUPLICATE_METHOD_MATCH = YES;
				COPY_PHASE_STRIP = NO;
				GCC_C_LANGUAGE_STANDARD = gnu11;
				GCC_WARN_ABOUT_RETURN_TYPE = YES_ERROR;
				GCC_WARN_UNDECLARED_SELECTOR = YES;
				GCC_WARN_UNINITIALIZED_AUTOS = YES_AGGRESSIVE;
				GCC_WARN_UNUSED_FUNCTION = YES;
				IPHONEOS_DEPLOYMENT_TARGET = 15.0;
				MTL_ENABLE_DEBUG_INFO = NO;
				MTL_FAST_MATH = YES;
				PRODUCT_NAME = "$(TARGET_NAME)";
				SDKROOT = iphoneos;
				SWIFT_VERSION = 5.0;
			};
			name = Release;
		};
/* End XCBuildConfiguration section */

/* Begin XCConfigurationList section */
		2386CB692F7D3AFE3AAC6B37 /* Build configuration list for PBXProject "XCTestService" */ = {
			isa = XCConfigurationList;
			buildConfigurations = (
				89E62AAD6F90DBDBE69DA15B /* Debug */,
				EC40EEB4F8D8525FE22F4168 /* Release */,
			);
			defaultConfigurationIsVisible = 0;
			defaultConfigurationName = Debug;
		};
		36B3E4AC025706695BF4DB76 /* Build configuration list for PBXNativeTarget "XCTestServiceTests" */ = {
			isa = XCConfigurationList;
			buildConfigurations = (
				6D944E72A2CC6804549373C0 /* Debug */,
				5838E1A1C5ACD927BDEFF774 /* Release */,
			);
			defaultConfigurationIsVisible = 0;
			defaultConfigurationName = Debug;
		};
		6432610C1E5574DF61149E41 /* Build configuration list for PBXNativeTarget "XCTestServiceUITests" */ = {
			isa = XCConfigurationList;
			buildConfigurations = (
				CF4281BA6C87512F48E0F2FE /* Debug */,
				CD4A7997CC70095CE9ECBE14 /* Release */,
			);
			defaultConfigurationIsVisible = 0;
			defaultConfigurationName = Debug;
		};
		A2D9CDB098C4783A50F9FF04 /* Build configuration list for PBXNativeTarget "XCTestService" */ = {
			isa = XCConfigurationList;
			buildConfigurations = (
				E7A9E9DB727CA73081625FE8 /* Debug */,
				072E8246C2D4D7432EE6C1C5 /* Release */,
			);
			defaultConfigurationIsVisible = 0;
			defaultConfigurationName = Debug;
		};
		DB120CF9F67C777E9E91625F /* Build configuration list for PBXNativeTarget "XCTestServiceApp" */ = {
			isa = XCConfigurationList;
			buildConfigurations = (
				12E5420BAB523846CFDDE939 /* Debug */,
				42AAB73690231B065121DCD1 /* Release */,
			);
			defaultConfigurationIsVisible = 0;
			defaultConfigurationName = Debug;
		};
/* End XCConfigurationList section */
	};
	rootObject = DA9C5717DADAEC2EAC38F4C6 /* Project object */;
}
